
Microsoft Visual Studio Solution File, Format Version 12.00
# Visual Studio 15
VisualStudioVersion = 15.0.28307.1401
MinimumVisualStudioVersion = 10.0.40219.1
Project("{FAE04EC0-301F-11D3-BF4B-00C04F79EFBC}") = "WearAndGoS2_WPF", "WearAndGoS2_WPF\WearAndGoS2_WPF.csproj", "{42CF23B3-2755-4044-A858-9696A1D21131}"
EndProject
Project("{C7167F0D-BC9F-4E6E-AFE1-012C56B48DB5}") = "WearAndGoS2_Packager", "WearAndGoS2_Packager\WearAndGoS2_Packager.wapproj", "{1DBFC9A8-7EB6-44D4-8FAB-5D026D414181}"
EndProject
Project("{FAE04EC0-301F-11D3-BF4B-00C04F79EFBC}") = "WearAndGo_Admin", "WearAndGo_Admin\WearAndGo_Admin.csproj", "{80A16C6D-86EB-45DA-9FE6-F85F0CFB8CC3}"
EndProject
Global
	GlobalSection(SolutionConfigurationPlatforms) = preSolution
		Debug|Any CPU = Debug|Any CPU
		Debug|x64 = Debug|x64
		Debug|x86 = Debug|x86
		Release|Any CPU = Release|Any CPU
		Release|x64 = Release|x64
		Release|x86 = Release|x86
	EndGlobalSection
	GlobalSection(ProjectConfigurationPlatforms) = postSolution
		{42CF23B3-2755-4044-A858-9696A1D21131}.Debug|Any CPU.ActiveCfg = Debug|Any CPU
		{42CF23B3-2755-4044-A858-9696A1D21131}.Debug|Any CPU.Build.0 = Debug|Any CPU
		{42CF23B3-2755-4044-A858-9696A1D21131}.Debug|x64.ActiveCfg = Debug|Any CPU
		{42CF23B3-2755-4044-A858-9696A1D21131}.Debug|x64.Build.0 = Debug|Any CPU
		{42CF23B3-2755-4044-A858-9696A1D21131}.Debug|x86.ActiveCfg = Debug|Any CPU
		{42CF23B3-2755-4044-A858-9696A1D21131}.Debug|x86.Build.0 = Debug|Any CPU
		{42CF23B3-2755-4044-A858-9696A1D21131}.Release|Any CPU.ActiveCfg = Release|Any CPU
		{42CF23B3-2755-4044-A858-9696A1D21131}.Release|Any CPU.Build.0 = Release|Any CPU
		{42CF23B3-2755-4044-A858-9696A1D21131}.Release|x64.ActiveCfg = Release|Any CPU
		{42CF23B3-2755-4044-A858-9696A1D21131}.Release|x64.Build.0 = Release|Any CPU
		{42CF23B3-2755-4044-A858-9696A1D21131}.Release|x86.ActiveCfg = Release|Any CPU
		{42CF23B3-2755-4044-A858-9696A1D21131}.Release|x86.Build.0 = Release|Any CPU
		{1DBFC9A8-7EB6-44D4-8FAB-5D026D414181}.Debug|Any CPU.ActiveCfg = Debug|Any CPU
		{1DBFC9A8-7EB6-44D4-8FAB-5D026D414181}.Debug|Any CPU.Build.0 = Debug|Any CPU
		{1DBFC9A8-7EB6-44D4-8FAB-5D026D414181}.Debug|Any CPU.Deploy.0 = Debug|Any CPU
		{1DBFC9A8-7EB6-44D4-8FAB-5D026D414181}.Debug|x64.ActiveCfg = Debug|x64
		{1DBFC9A8-7EB6-44D4-8FAB-5D026D414181}.Debug|x64.Build.0 = Debug|x64
		{1DBFC9A8-7EB6-44D4-8FAB-5D026D414181}.Debug|x64.Deploy.0 = Debug|x64
		{1DBFC9A8-7EB6-44D4-8FAB-5D026D414181}.Debug|x86.ActiveCfg = Debug|x86
		{1DBFC9A8-7EB6-44D4-8FAB-5D026D414181}.Debug|x86.Build.0 = Debug|x86
		{1DBFC9A8-7EB6-44D4-8FAB-5D026D414181}.Debug|x86.Deploy.0 = Debug|x86
		{1DBFC9A8-7EB6-44D4-8FAB-5D026D414181}.Release|Any CPU.ActiveCfg = Release|Any CPU
		{1DBFC9A8-7EB6-44D4-8FAB-5D026D414181}.Release|Any CPU.Build.0 = Release|Any CPU
		{1DBFC9A8-7EB6-44D4-8FAB-5D026D414181}.Release|Any CPU.Deploy.0 = Release|Any CPU
		{1DBFC9A8-7EB6-44D4-8FAB-5D026D414181}.Release|x64.ActiveCfg = Release|x64
		{1DBFC9A8-7EB6-44D4-8FAB-5D026D414181}.Release|x64.Build.0 = Release|x64
		{1DBFC9A8-7EB6-44D4-8FAB-5D026D414181}.Release|x64.Deploy.0 = Release|x64
		{1DBFC9A8-7EB6-44D4-8FAB-5D026D414181}.Release|x86.ActiveCfg = Release|x86
		{1DBFC9A8-7EB6-44D4-8FAB-5D026D414181}.Release|x86.Build.0 = Release|x86
		{1DBFC9A8-7EB6-44D4-8FAB-5D026D414181}.Release|x86.Deploy.0 = Release|x86
		{80A16C6D-86EB-45DA-9FE6-F85F0CFB8CC3}.Debug|Any CPU.ActiveCfg = Debug|Any CPU
		{80A16C6D-86EB-45DA-9FE6-F85F0CFB8CC3}.Debug|Any CPU.Build.0 = Debug|Any CPU
		{80A16C6D-86EB-45DA-9FE6-F85F0CFB8CC3}.Debug|x64.ActiveCfg = Debug|Any CPU
		{80A16C6D-86EB-45DA-9FE6-F85F0CFB8CC3}.Debug|x64.Build.0 = Debug|Any CPU
		{80A16C6D-86EB-45DA-9FE6-F85F0CFB8CC3}.Debug|x86.ActiveCfg = Debug|Any CPU
		{80A16C6D-86EB-45DA-9FE6-F85F0CFB8CC3}.Debug|x86.Build.0 = Debug|Any CPU
		{80A16C6D-86EB-45DA-9FE6-F85F0CFB8CC3}.Release|Any CPU.ActiveCfg = Release|Any CPU
		{80A16C6D-86EB-45DA-9FE6-F85F0CFB8CC3}.Release|Any CPU.Build.0 = Release|Any CPU
		{80A16C6D-86EB-45DA-9FE6-F85F0CFB8CC3}.Release|x64.ActiveCfg = Release|Any CPU
		{80A16C6D-86EB-45DA-9FE6-F85F0CFB8CC3}.Release|x64.Build.0 = Release|Any CPU
		{80A16C6D-86EB-45DA-9FE6-F85F0CFB8CC3}.Release|x86.ActiveCfg = Release|Any CPU
		{80A16C6D-86EB-45DA-9FE6-F85F0CFB8CC3}.Release|x86.Build.0 = Release|Any CPU
	EndGlobalSection
	GlobalSection(SolutionProperties) = preSolution
		HideSolutionNode = FALSE
	EndGlobalSection
	GlobalSection(ExtensibilityGlobals) = postSolution
		SolutionGuid = {F54E4CEF-8B88-45B5-B510-A82FB0E0AF84}
	EndGlobalSection
EndGlobal
